{
  "name": "@s19192/shared",
  "version": "1.0.0",
  "lockfileVersion": 2,
  "requires": true,
  "packages": {
    "": {
      "name": "@s19192/shared",
      "version": "1.0.0",
      "dependencies": {
        "typed": "^1.3.0"
      }
    },
    "node_modules/typed": {
      "version": "1.3.0",
      "resolved": "https://registry.npmjs.org/typed/-/typed-1.3.0.tgz",
      "integrity": "sha512-ccGd6hNgOxsTFspe2fOGvSTgMitz+bQav3VvCJlcBQVtARnjiu3kQr+aSULW74WB7fXnZavp0nkiGP2WCr0JXg=="
    }
  },
  "dependencies": {
    "typed": {
      "version": "1.3.0",
      "resolved": "https://registry.npmjs.org/typed/-/typed-1.3.0.tgz",
      "integrity": "sha512-ccGd6hNgOxsTFspe2fOGvSTgMitz+bQav3VvCJlcBQVtARnjiu3kQr+aSULW74WB7fXnZavp0nkiGP2WCr0JXg=="
    }
  }
}
